// !$*UTF8*$!
{
	archiveVersion = 1;
	classes = {
	};
	objectVersion = 56;
	objects = {

/* Begin PBXBuildFile section */
		DD2F130C2A81B24600B7C3C4 /* AuthController.swift in Sources */ = {isa = PBXBuildFile; fileRef = DD2F130B2A81B24600B7C3C4 /* AuthController.swift */; };
		DD2F130E2A81C0EF00B7C3C4 /* PostController.swift in Sources */ = {isa = PBXBuildFile; fileRef = DD2F130D2A81C0EF00B7C3C4 /* PostController.swift */; };
		DD430ACC2A7FAB96003A3B9C /* PethApp.swift in Sources */ = {isa = PBXBuildFile; fileRef = DD430ACB2A7FAB96003A3B9C /* PethApp.swift */; };
		DD430ACE2A7FAB96003A3B9C /* ContentView.swift in Sources */ = {isa = PBXBuildFile; fileRef = DD430ACD2A7FAB96003A3B9C /* ContentView.swift */; };
		DD430AD02A7FAB98003A3B9C /* Assets.xcassets in Resources */ = {isa = PBXBuildFile; fileRef = DD430ACF2A7FAB98003A3B9C /* Assets.xcassets */; };
		DD430AD32A7FAB98003A3B9C /* Preview Assets.xcassets in Resources */ = {isa = PBXBuildFile; fileRef = DD430AD22A7FAB98003A3B9C /* Preview Assets.xcassets */; };
		DD430ADB2A7FE2BB003A3B9C /* LoginView.swift in Sources */ = {isa = PBXBuildFile; fileRef = DD430ADA2A7FE2BB003A3B9C /* LoginView.swift */; };
		DD430ADD2A806B3C003A3B9C /* TextView.swift in Sources */ = {isa = PBXBuildFile; fileRef = DD430ADC2A806B3C003A3B9C /* TextView.swift */; };
		DD430AE02A806D5C003A3B9C /* RichTextKit in Frameworks */ = {isa = PBXBuildFile; productRef = DD430ADF2A806D5C003A3B9C /* RichTextKit */; };
		DD430AE22A808612003A3B9C /* InputUsernameModal.swift in Sources */ = {isa = PBXBuildFile; fileRef = DD430AE12A808612003A3B9C /* InputUsernameModal.swift */; };
		DD430AE42A80A7D3003A3B9C /* ProfileView.swift in Sources */ = {isa = PBXBuildFile; fileRef = DD430AE32A80A7D3003A3B9C /* ProfileView.swift */; };
		DDC164F92A83856B00E862AE /* KeychainItem.swift in Sources */ = {isa = PBXBuildFile; fileRef = DDC164F82A83856B00E862AE /* KeychainItem.swift */; };
		DDDDE7072A9325AB00519598 /* StoreKit.framework in Frameworks */ = {isa = PBXBuildFile; fileRef = DDDDE7062A9325AB00519598 /* StoreKit.framework */; };
		DDDDE7092A9325E700519598 /* Peth.storekit in Resources */ = {isa = PBXBuildFile; fileRef = DDDDE7082A9325E700519598 /* Peth.storekit */; };
		DDDDE70B2A9327A000519598 /* StoreView.swift in Sources */ = {isa = PBXBuildFile; fileRef = DDDDE70A2A9327A000519598 /* StoreView.swift */; };
		DDDDE70D2A9327C300519598 /* Store.swift in Sources */ = {isa = PBXBuildFile; fileRef = DDDDE70C2A9327C300519598 /* Store.swift */; };
/* End PBXBuildFile section */

/* Begin PBXFileReference section */
		DD2F130B2A81B24600B7C3C4 /* AuthController.swift */ = {isa = PBXFileReference; lastKnownFileType = sourcecode.swift; path = AuthController.swift; sourceTree = "<group>"; };
		DD2F130D2A81C0EF00B7C3C4 /* PostController.swift */ = {isa = PBXFileReference; lastKnownFileType = sourcecode.swift; path = PostController.swift; sourceTree = "<group>"; };
		DD430AC82A7FAB96003A3B9C /* Peth.app */ = {isa = PBXFileReference; explicitFileType = wrapper.application; includeInIndex = 0; path = Peth.app; sourceTree = BUILT_PRODUCTS_DIR; };
		DD430ACB2A7FAB96003A3B9C /* PethApp.swift */ = {isa = PBXFileReference; lastKnownFileType = sourcecode.swift; path = PethApp.swift; sourceTree = "<group>"; };
		DD430ACD2A7FAB96003A3B9C /* ContentView.swift */ = {isa = PBXFileReference; lastKnownFileType = sourcecode.swift; path = ContentView.swift; sourceTree = "<group>"; };
		DD430ACF2A7FAB98003A3B9C /* Assets.xcassets */ = {isa = PBXFileReference; lastKnownFileType = folder.assetcatalog; path = Assets.xcassets; sourceTree = "<group>"; };
		DD430AD22A7FAB98003A3B9C /* Preview Assets.xcassets */ = {isa = PBXFileReference; lastKnownFileType = folder.assetcatalog; path = "Preview Assets.xcassets"; sourceTree = "<group>"; };
		DD430AD92A7FAC56003A3B9C /* Peth.entitlements */ = {isa = PBXFileReference; lastKnownFileType = text.plist.entitlements; path = Peth.entitlements; sourceTree = "<group>"; };
		DD430ADA2A7FE2BB003A3B9C /* LoginView.swift */ = {isa = PBXFileReference; lastKnownFileType = sourcecode.swift; path = LoginView.swift; sourceTree = "<group>"; };
		DD430ADC2A806B3C003A3B9C /* TextView.swift */ = {isa = PBXFileReference; lastKnownFileType = sourcecode.swift; path = TextView.swift; sourceTree = "<group>"; };
		DD430AE12A808612003A3B9C /* InputUsernameModal.swift */ = {isa = PBXFileReference; lastKnownFileType = sourcecode.swift; path = InputUsernameModal.swift; sourceTree = "<group>"; };
		DD430AE32A80A7D3003A3B9C /* ProfileView.swift */ = {isa = PBXFileReference; lastKnownFileType = sourcecode.swift; path = ProfileView.swift; sourceTree = "<group>"; };
		DDC164F82A83856B00E862AE /* KeychainItem.swift */ = {isa = PBXFileReference; lastKnownFileType = sourcecode.swift; path = KeychainItem.swift; sourceTree = "<group>"; };
		DDDDE7062A9325AB00519598 /* StoreKit.framework */ = {isa = PBXFileReference; lastKnownFileType = wrapper.framework; name = StoreKit.framework; path = System/Library/Frameworks/StoreKit.framework; sourceTree = SDKROOT; };
		DDDDE7082A9325E700519598 /* Peth.storekit */ = {isa = PBXFileReference; lastKnownFileType = text; path = Peth.storekit; sourceTree = "<group>"; };
		DDDDE70A2A9327A000519598 /* StoreView.swift */ = {isa = PBXFileReference; lastKnownFileType = sourcecode.swift; path = StoreView.swift; sourceTree = "<group>"; };
		DDDDE70C2A9327C300519598 /* Store.swift */ = {isa = PBXFileReference; lastKnownFileType = sourcecode.swift; path = Store.swift; sourceTree = "<group>"; };
/* End PBXFileReference section */

/* Begin PBXFrameworksBuildPhase section */
		DD430AC52A7FAB96003A3B9C /* Frameworks */ = {
			isa = PBXFrameworksBuildPhase;
			buildActionMask = 2147483647;
			files = (
				DD430AE02A806D5C003A3B9C /* RichTextKit in Frameworks */,
				DDDDE7072A9325AB00519598 /* StoreKit.framework in Frameworks */,
			);
			runOnlyForDeploymentPostprocessing = 0;
		};
/* End PBXFrameworksBuildPhase section */

/* Begin PBXGroup section */
		DD2F130A2A81B21B00B7C3C4 /* Services */ = {
			isa = PBXGroup;
			children = (
				DD2F130B2A81B24600B7C3C4 /* AuthController.swift */,
				DD2F130D2A81C0EF00B7C3C4 /* PostController.swift */,
				DDC164F82A83856B00E862AE /* KeychainItem.swift */,
				DDDDE7082A9325E700519598 /* Peth.storekit */,
				DDDDE70C2A9327C300519598 /* Store.swift */,
			);
			path = Services;
			sourceTree = "<group>";
		};
		DD430ABF2A7FAB96003A3B9C = {
			isa = PBXGroup;
			children = (
				DD430ACA2A7FAB96003A3B9C /* Peth */,
				DD430AC92A7FAB96003A3B9C /* Products */,
				DDDDE7052A9325AB00519598 /* Frameworks */,
			);
			sourceTree = "<group>";
		};
		DD430AC92A7FAB96003A3B9C /* Products */ = {
			isa = PBXGroup;
			children = (
				DD430AC82A7FAB96003A3B9C /* Peth.app */,
			);
			name = Products;
			sourceTree = "<group>";
		};
		DD430ACA2A7FAB96003A3B9C /* Peth */ = {
			isa = PBXGroup;
			children = (
				DD2F130A2A81B21B00B7C3C4 /* Services */,
				DD430AD92A7FAC56003A3B9C /* Peth.entitlements */,
				DD430ACB2A7FAB96003A3B9C /* PethApp.swift */,
				DD430ADA2A7FE2BB003A3B9C /* LoginView.swift */,
				DD430ACD2A7FAB96003A3B9C /* ContentView.swift */,
				DD430AE32A80A7D3003A3B9C /* ProfileView.swift */,
				DD430AE12A808612003A3B9C /* InputUsernameModal.swift */,
				DD430ADC2A806B3C003A3B9C /* TextView.swift */,
				DD430ACF2A7FAB98003A3B9C /* Assets.xcassets */,
				DD430AD12A7FAB98003A3B9C /* Preview Content */,
				DDDDE70A2A9327A000519598 /* StoreView.swift */,
			);
			path = Peth;
			sourceTree = "<group>";
		};
		DD430AD12A7FAB98003A3B9C /* Preview Content */ = {
			isa = PBXGroup;
			children = (
				DD430AD22A7FAB98003A3B9C /* Preview Assets.xcassets */,
			);
			path = "Preview Content";
			sourceTree = "<group>";
		};
		DDDDE7052A9325AB00519598 /* Frameworks */ = {
			isa = PBXGroup;
			children = (
				DDDDE7062A9325AB00519598 /* StoreKit.framework */,
			);
			name = Frameworks;
			sourceTree = "<group>";
		};
/* End PBXGroup section */

/* Begin PBXNativeTarget section */
		DD430AC72A7FAB96003A3B9C /* Peth */ = {
			isa = PBXNativeTarget;
			buildConfigurationList = DD430AD62A7FAB98003A3B9C /* Build configuration list for PBXNativeTarget "Peth" */;
			buildPhases = (
				DD430AC42A7FAB96003A3B9C /* Sources */,
				DD430AC52A7FAB96003A3B9C /* Frameworks */,
				DD430AC62A7FAB96003A3B9C /* Resources */,
			);
			buildRules = (
			);
			dependencies = (
			);
			name = Peth;
			packageProductDependencies = (
				DD430ADF2A806D5C003A3B9C /* RichTextKit */,
			);
			productName = Peth;
			productReference = DD430AC82A7FAB96003A3B9C /* Peth.app */;
			productType = "com.apple.product-type.application";
		};
/* End PBXNativeTarget section */

/* Begin PBXProject section */
		DD430AC02A7FAB96003A3B9C /* Project object */ = {
			isa = PBXProject;
			attributes = {
				BuildIndependentTargetsInParallel = 1;
				LastSwiftUpdateCheck = 1430;
				LastUpgradeCheck = 1430;
				TargetAttributes = {
					DD430AC72A7FAB96003A3B9C = {
						CreatedOnToolsVersion = 14.3;
					};
				};
			};
			buildConfigurationList = DD430AC32A7FAB96003A3B9C /* Build configuration list for PBXProject "Peth" */;
			compatibilityVersion = "Xcode 14.0";
			developmentRegion = en;
			hasScannedForEncodings = 0;
			knownRegions = (
				en,
				Base,
			);
			mainGroup = DD430ABF2A7FAB96003A3B9C;
			packageReferences = (
				DD430ADE2A806D5C003A3B9C /* XCRemoteSwiftPackageReference "RichTextKit" */,
			);
			productRefGroup = DD430AC92A7FAB96003A3B9C /* Products */;
			projectDirPath = "";
			projectRoot = "";
			targets = (
				DD430AC72A7FAB96003A3B9C /* Peth */,
			);
		};
/* End PBXProject section */

/* Begin PBXResourcesBuildPhase section */
		DD430AC62A7FAB96003A3B9C /* Resources */ = {
			isa = PBXResourcesBuildPhase;
			buildActionMask = 2147483647;
			files = (
				DDDDE7092A9325E700519598 /* Peth.storekit in Resources */,
				DD430AD32A7FAB98003A3B9C /* Preview Assets.xcassets in Resources */,
				DD430AD02A7FAB98003A3B9C /* Assets.xcassets in Resources */,
			);
			runOnlyForDeploymentPostprocessing = 0;
		};
/* End PBXResourcesBuildPhase section */

/* Begin PBXSourcesBuildPhase section */
		DD430AC42A7FAB96003A3B9C /* Sources */ = {
			isa = PBXSourcesBuildPhase;
			buildActionMask = 2147483647;
			files = (
				DD430ADB2A7FE2BB003A3B9C /* LoginView.swift in Sources */,
				DD2F130E2A81C0EF00B7C3C4 /* PostController.swift in Sources */,
				DD430ADD2A806B3C003A3B9C /* TextView.swift in Sources */,
				DD2F130C2A81B24600B7C3C4 /* AuthController.swift in Sources */,
				DD430AE22A808612003A3B9C /* InputUsernameModal.swift in Sources */,
				DD430ACE2A7FAB96003A3B9C /* ContentView.swift in Sources */,
				DDDDE70D2A9327C300519598 /* Store.swift in Sources */,
				DD430AE42A80A7D3003A3B9C /* ProfileView.swift in Sources */,
				DD430ACC2A7FAB96003A3B9C /* PethApp.swift in Sources */,
				DDDDE70B2A9327A000519598 /* StoreView.swift in Sources */,
				DDC164F92A83856B00E862AE /* KeychainItem.swift in Sources */,
			);
			runOnlyForDeploymentPostprocessing = 0;
		};
/* End PBXSourcesBuildPhase section */

/* Begin XCBuildConfiguration section */
		DD430AD42A7FAB98003A3B9C /* Debug */ = {
			isa = XCBuildConfiguration;
			buildSettings = {
				ALWAYS_SEARCH_USER_PATHS = NO;
				CLANG_ANALYZER_NONNULL = YES;
				CLANG_ANALYZER_NUMBER_OBJECT_CONVERSION = YES_AGGRESSIVE;
				CLANG_CXX_LANGUAGE_STANDARD = "gnu++20";
				CLANG_ENABLE_MODULES = YES;
				CLANG_ENABLE_OBJC_ARC = YES;
				CLANG_ENABLE_OBJC_WEAK = YES;
				CLANG_WARN_BLOCK_CAPTURE_AUTORELEASING = YES;
				CLANG_WARN_BOOL_CONVERSION = YES;
				CLANG_WARN_COMMA = YES;
				CLANG_WARN_CONSTANT_CONVERSION = YES;
				CLANG_WARN_DEPRECATED_OBJC_IMPLEMENTATIONS = YES;
				CLANG_WARN_DIRECT_OBJC_ISA_USAGE = YES_ERROR;
				CLANG_WARN_DOCUMENTATION_COMMENTS = YES;
				CLANG_WARN_EMPTY_BODY = YES;
				CLANG_WARN_ENUM_CONVERSION = YES;
				CLANG_WARN_INFINITE_RECURSION = YES;
				CLANG_WARN_INT_CONVERSION = YES;
				CLANG_WARN_NON_LITERAL_NULL_CONVERSION = YES;
				CLANG_WARN_OBJC_IMPLICIT_RETAIN_SELF = YES;
				CLANG_WARN_OBJC_LITERAL_CONVERSION = YES;
				CLANG_WARN_OBJC_ROOT_CLASS = YES_ERROR;
				CLANG_WARN_QUOTED_INCLUDE_IN_FRAMEWORK_HEADER = YES;
				CLANG_WARN_RANGE_LOOP_ANALYSIS = YES;
				CLANG_WARN_STRICT_PROTOTYPES = YES;
				CLANG_WARN_SUSPICIOUS_MOVE = YES;
				CLANG_WARN_UNGUARDED_AVAILABILITY = YES_AGGRESSIVE;
				CLANG_WARN_UNREACHABLE_CODE = YES;
				CLANG_WARN__DUPLICATE_METHOD_MATCH = YES;
				COPY_PHASE_STRIP = NO;
				DEBUG_INFORMATION_FORMAT = dwarf;
				ENABLE_STRICT_OBJC_MSGSEND = YES;
				ENABLE_TESTABILITY = YES;
				GCC_C_LANGUAGE_STANDARD = gnu11;
				GCC_DYNAMIC_NO_PIC = NO;
				GCC_NO_COMMON_BLOCKS = YES;
				GCC_OPTIMIZATION_LEVEL = 0;
				GCC_PREPROCESSOR_DEFINITIONS = (
					"DEBUG=1",
					"$(inherited)",
				);
				GCC_WARN_64_TO_32_BIT_CONVERSION = YES;
				GCC_WARN_ABOUT_RETURN_TYPE = YES_ERROR;
				GCC_WARN_UNDECLARED_SELECTOR = YES;
				GCC_WARN_UNINITIALIZED_AUTOS = YES_AGGRESSIVE;
				GCC_WARN_UNUSED_FUNCTION = YES;
				GCC_WARN_UNUSED_VARIABLE = YES;
				IPHONEOS_DEPLOYMENT_TARGET = 16.4;
				MTL_ENABLE_DEBUG_INFO = INCLUDE_SOURCE;
				MTL_FAST_MATH = YES;
				ONLY_ACTIVE_ARCH = YES;
				SDKROOT = iphoneos;
				SWIFT_ACTIVE_COMPILATION_CONDITIONS = DEBUG;
				SWIFT_OPTIMIZATION_LEVEL = "-Onone";
			};
			name = Debug;
		};
		DD430AD52A7FAB98003A3B9C /* Release */ = {
			isa = XCBuildConfiguration;
			buildSettings = {
				ALWAYS_SEARCH_USER_PATHS = NO;
				CLANG_ANALYZER_NONNULL = YES;
				CLANG_ANALYZER_NUMBER_OBJECT_CONVERSION = YES_AGGRESSIVE;
				CLANG_CXX_LANGUAGE_STANDARD = "gnu++20";
				CLANG_ENABLE_MODULES = YES;
				CLANG_ENABLE_OBJC_ARC = YES;
				CLANG_ENABLE_OBJC_WEAK = YES;
				CLANG_WARN_BLOCK_CAPTURE_AUTORELEASING = YES;
				CLANG_WARN_BOOL_CONVERSION = YES;
				CLANG_WARN_COMMA = YES;
				CLANG_WARN_CONSTANT_CONVERSION = YES;
				CLANG_WARN_DEPRECATED_OBJC_IMPLEMENTATIONS = YES;
				CLANG_WARN_DIRECT_OBJC_ISA_USAGE = YES_ERROR;
				CLANG_WARN_DOCUMENTATION_COMMENTS = YES;
				CLANG_WARN_EMPTY_BODY = YES;
				CLANG_WARN_ENUM_CONVERSION = YES;
				CLANG_WARN_INFINITE_RECURSION = YES;
				CLANG_WARN_INT_CONVERSION = YES;
				CLANG_WARN_NON_LITERAL_NULL_CONVERSION = YES;
				CLANG_WARN_OBJC_IMPLICIT_RETAIN_SELF = YES;
				CLANG_WARN_OBJC_LITERAL_CONVERSION = YES;
				CLANG_WARN_OBJC_ROOT_CLASS = YES_ERROR;
				CLANG_WARN_QUOTED_INCLUDE_IN_FRAMEWORK_HEADER = YES;
				CLANG_WARN_RANGE_LOOP_ANALYSIS = YES;
				CLANG_WARN_STRICT_PROTOTYPES = YES;
				CLANG_WARN_SUSPICIOUS_MOVE = YES;
				CLANG_WARN_UNGUARDED_AVAILABILITY = YES_AGGRESSIVE;
				CLANG_WARN_UNREACHABLE_CODE = YES;
				CLANG_WARN__DUPLICATE_METHOD_MATCH = YES;
				COPY_PHASE_STRIP = NO;
				DEBUG_INFORMATION_FORMAT = "dwarf-with-dsym";
				ENABLE_NS_ASSERTIONS = NO;
				ENABLE_STRICT_OBJC_MSGSEND = YES;
				GCC_C_LANGUAGE_STANDARD = gnu11;
				GCC_NO_COMMON_BLOCKS = YES;
				GCC_WARN_64_TO_32_BIT_CONVERSION = YES;
				GCC_WARN_ABOUT_RETURN_TYPE = YES_ERROR;
				GCC_WARN_UNDECLARED_SELECTOR = YES;
				GCC_WARN_UNINITIALIZED_AUTOS = YES_AGGRESSIVE;
				GCC_WARN_UNUSED_FUNCTION = YES;
				GCC_WARN_UNUSED_VARIABLE = YES;
				IPHONEOS_DEPLOYMENT_TARGET = 16.4;
				MTL_ENABLE_DEBUG_INFO = NO;
				MTL_FAST_MATH = YES;
				SDKROOT = iphoneos;
				SWIFT_COMPILATION_MODE = wholemodule;
				SWIFT_OPTIMIZATION_LEVEL = "-O";
				VALIDATE_PRODUCT = YES;
			};
			name = Release;
		};
		DD430AD72A7FAB98003A3B9C /* Debug */ = {
			isa = XCBuildConfiguration;
			buildSettings = {
				ASSETCATALOG_COMPILER_APPICON_NAME = AppIcon;
				ASSETCATALOG_COMPILER_GLOBAL_ACCENT_COLOR_NAME = AccentColor;
				CODE_SIGN_ENTITLEMENTS = Peth/Peth.entitlements;
				CODE_SIGN_STYLE = Automatic;
				CURRENT_PROJECT_VERSION = 1;
				DEVELOPMENT_ASSET_PATHS = "\"Peth/Preview Content\"";
				DEVELOPMENT_TEAM = 8R3VHB938V;
				ENABLE_PREVIEWS = YES;
				GENERATE_INFOPLIST_FILE = YES;
				INFOPLIST_KEY_UIApplicationSceneManifest_Generation = YES;
				INFOPLIST_KEY_UIApplicationSupportsIndirectInputEvents = YES;
				INFOPLIST_KEY_UILaunchScreen_Generation = YES;
				INFOPLIST_KEY_UISupportedInterfaceOrientations_iPad = "UIInterfaceOrientationPortrait UIInterfaceOrientationPortraitUpsideDown UIInterfaceOrientationLandscapeLeft UIInterfaceOrientationLandscapeRight";
				INFOPLIST_KEY_UISupportedInterfaceOrientations_iPhone = "UIInterfaceOrientationPortrait UIInterfaceOrientationLandscapeLeft UIInterfaceOrientationLandscapeRight";
				LD_RUNPATH_SEARCH_PATHS = (
					"$(inherited)",
					"@executable_path/Frameworks",
				);
				MARKETING_VERSION = 1.0;
				PRODUCT_BUNDLE_IDENTIFIER = com.masbek.Peth;
				PRODUCT_NAME = "$(TARGET_NAME)";
				SWIFT_EMIT_LOC_STRINGS = YES;
				SWIFT_VERSION = 5.0;
				TARGETED_DEVICE_FAMILY = "1,2";
			};
			name = Debug;
		};
		DD430AD82A7FAB98003A3B9C /* Release */ = {
			isa = XCBuildConfiguration;
			buildSettings = {
				ASSETCATALOG_COMPILER_APPICON_NAME = AppIcon;
				ASSETCATALOG_COMPILER_GLOBAL_ACCENT_COLOR_NAME = AccentColor;
				CODE_SIGN_ENTITLEMENTS = Peth/Peth.entitlements;
				CODE_SIGN_STYLE = Automatic;
				CURRENT_PROJECT_VERSION = 1;
				DEVELOPMENT_ASSET_PATHS = "\"Peth/Preview Content\"";
				DEVELOPMENT_TEAM = 8R3VHB938V;
				ENABLE_PREVIEWS = YES;
				GENERATE_INFOPLIST_FILE = YES;
				INFOPLIST_KEY_UIApplicationSceneManifest_Generation = YES;
				INFOPLIST_KEY_UIApplicationSupportsIndirectInputEvents = YES;
				INFOPLIST_KEY_UILaunchScreen_Generation = YES;
				INFOPLIST_KEY_UISupportedInterfaceOrientations_iPad = "UIInterfaceOrientationPortrait UIInterfaceOrientationPortraitUpsideDown UIInterfaceOrientationLandscapeLeft UIInterfaceOrientationLandscapeRight";
				INFOPLIST_KEY_UISupportedInterfaceOrientations_iPhone = "UIInterfaceOrientationPortrait UIInterfaceOrientationLandscapeLeft UIInterfaceOrientationLandscapeRight";
				LD_RUNPATH_SEARCH_PATHS = (
					"$(inherited)",
					"@executable_path/Frameworks",
				);
				MARKETING_VERSION = 1.0;
				PRODUCT_BUNDLE_IDENTIFIER = com.masbek.Peth;
				PRODUCT_NAME = "$(TARGET_NAME)";
				SWIFT_EMIT_LOC_STRINGS = YES;
				SWIFT_VERSION = 5.0;
				TARGETED_DEVICE_FAMILY = "1,2";
			};
			name = Release;
		};
/* End XCBuildConfiguration section */

/* Begin XCConfigurationList section */
		DD430AC32A7FAB96003A3B9C /* Build configuration list for PBXProject "Peth" */ = {
			isa = XCConfigurationList;
			buildConfigurations = (
				DD430AD42A7FAB98003A3B9C /* Debug */,
				DD430AD52A7FAB98003A3B9C /* Release */,
			);
			defaultConfigurationIsVisible = 0;
			defaultConfigurationName = Release;
		};
		DD430AD62A7FAB98003A3B9C /* Build configuration list for PBXNativeTarget "Peth" */ = {
			isa = XCConfigurationList;
			buildConfigurations = (
				DD430AD72A7FAB98003A3B9C /* Debug */,
				DD430AD82A7FAB98003A3B9C /* Release */,
			);
			defaultConfigurationIsVisible = 0;
			defaultConfigurationName = Release;
		};
/* End XCConfigurationList section */

/* Begin XCRemoteSwiftPackageReference section */
		DD430ADE2A806D5C003A3B9C /* XCRemoteSwiftPackageReference "RichTextKit" */ = {
			isa = XCRemoteSwiftPackageReference;
			repositoryURL = "https://github.com/danielsaidi/RichTextKit.git";
			requirement = {
				kind = upToNextMajorVersion;
				minimumVersion = 0.7.2;
			};
		};
/* End XCRemoteSwiftPackageReference section */

/* Begin XCSwiftPackageProductDependency section */
		DD430ADF2A806D5C003A3B9C /* RichTextKit */ = {
			isa = XCSwiftPackageProductDependency;
			package = DD430ADE2A806D5C003A3B9C /* XCRemoteSwiftPackageReference "RichTextKit" */;
			productName = RichTextKit;
		};
/* End XCSwiftPackageProductDependency section */
	};
	rootObject = DD430AC02A7FAB96003A3B9C /* Project object */;
}
